
Microsoft Visual Studio Solution File, Format Version 12.00
# Visual Studio Version 17
VisualStudioVersion = 17.12.35527.113
MinimumVisualStudioVersion = 10.0.40219.1
Project("{FAE04EC0-301F-11D3-BF4B-00C04F79EFBC}") = "Helper", "Helper\Helper.csproj", "{A4462189-D277-411A-A862-9B35D612C423}"
EndProject
Project("{FAE04EC0-301F-11D3-BF4B-00C04F79EFBC}") = "Infrastructure", "Infrastructure\Infrastructure.csproj", "{2C35DF1D-12BD-4E23-BD04-6A9B54542751}"
EndProject
Project("{FAE04EC0-301F-11D3-BF4B-00C04F79EFBC}") = "Common", "Common\Common.csproj", "{48A17AE2-31FE-431C-BD88-D7F253A6F7C9}"
EndProject
Project("{FAE04EC0-301F-11D3-BF4B-00C04F79EFBC}") = "CoreValidation", "CoreValidation\CoreValidation.csproj", "{3EEF085D-0466-4720-8E90-A37279629126}"
EndProject
Project("{FAE04EC0-301F-11D3-BF4B-00C04F79EFBC}") = "Object", "Object\Object.csproj", "{B9B118A8-6868-49E7-92DA-14AE8C244180}"
EndProject
Project("{FAE04EC0-301F-11D3-BF4B-00C04F79EFBC}") = "Service", "Service\Service.csproj", "{BB7EDAD3-A2CC-4D8C-9950-4F7F13C07B21}"
EndProject
Project("{FAE04EC0-301F-11D3-BF4B-00C04F79EFBC}") = "NVAPI", "NVAPI\NVAPI.csproj", "{BD4BB14D-5B3E-DB2B-2152-156CA1A50544}"
EndProject
Global
	GlobalSection(SolutionConfigurationPlatforms) = preSolution
		Debug|Any CPU = Debug|Any CPU
		Release|Any CPU = Release|Any CPU
	EndGlobalSection
	GlobalSection(ProjectConfigurationPlatforms) = postSolution
		{A4462189-D277-411A-A862-9B35D612C423}.Debug|Any CPU.ActiveCfg = Debug|Any CPU
		{A4462189-D277-411A-A862-9B35D612C423}.Debug|Any CPU.Build.0 = Debug|Any CPU
		{A4462189-D277-411A-A862-9B35D612C423}.Release|Any CPU.ActiveCfg = Release|Any CPU
		{A4462189-D277-411A-A862-9B35D612C423}.Release|Any CPU.Build.0 = Release|Any CPU
		{2C35DF1D-12BD-4E23-BD04-6A9B54542751}.Debug|Any CPU.ActiveCfg = Debug|Any CPU
		{2C35DF1D-12BD-4E23-BD04-6A9B54542751}.Debug|Any CPU.Build.0 = Debug|Any CPU
		{2C35DF1D-12BD-4E23-BD04-6A9B54542751}.Release|Any CPU.ActiveCfg = Release|Any CPU
		{2C35DF1D-12BD-4E23-BD04-6A9B54542751}.Release|Any CPU.Build.0 = Release|Any CPU
		{48A17AE2-31FE-431C-BD88-D7F253A6F7C9}.Debug|Any CPU.ActiveCfg = Debug|Any CPU
		{48A17AE2-31FE-431C-BD88-D7F253A6F7C9}.Debug|Any CPU.Build.0 = Debug|Any CPU
		{48A17AE2-31FE-431C-BD88-D7F253A6F7C9}.Release|Any CPU.ActiveCfg = Release|Any CPU
		{48A17AE2-31FE-431C-BD88-D7F253A6F7C9}.Release|Any CPU.Build.0 = Release|Any CPU
		{3EEF085D-0466-4720-8E90-A37279629126}.Debug|Any CPU.ActiveCfg = Debug|Any CPU
		{3EEF085D-0466-4720-8E90-A37279629126}.Debug|Any CPU.Build.0 = Debug|Any CPU
		{3EEF085D-0466-4720-8E90-A37279629126}.Release|Any CPU.ActiveCfg = Release|Any CPU
		{3EEF085D-0466-4720-8E90-A37279629126}.Release|Any CPU.Build.0 = Release|Any CPU
		{B9B118A8-6868-49E7-92DA-14AE8C244180}.Debug|Any CPU.ActiveCfg = Debug|Any CPU
		{B9B118A8-6868-49E7-92DA-14AE8C244180}.Debug|Any CPU.Build.0 = Debug|Any CPU
		{B9B118A8-6868-49E7-92DA-14AE8C244180}.Release|Any CPU.ActiveCfg = Release|Any CPU
		{B9B118A8-6868-49E7-92DA-14AE8C244180}.Release|Any CPU.Build.0 = Release|Any CPU
		{BB7EDAD3-A2CC-4D8C-9950-4F7F13C07B21}.Debug|Any CPU.ActiveCfg = Debug|Any CPU
		{BB7EDAD3-A2CC-4D8C-9950-4F7F13C07B21}.Debug|Any CPU.Build.0 = Debug|Any CPU
		{BB7EDAD3-A2CC-4D8C-9950-4F7F13C07B21}.Release|Any CPU.ActiveCfg = Release|Any CPU
		{BB7EDAD3-A2CC-4D8C-9950-4F7F13C07B21}.Release|Any CPU.Build.0 = Release|Any CPU
		{BD4BB14D-5B3E-DB2B-2152-156CA1A50544}.Debug|Any CPU.ActiveCfg = Debug|Any CPU
		{BD4BB14D-5B3E-DB2B-2152-156CA1A50544}.Debug|Any CPU.Build.0 = Debug|Any CPU
		{BD4BB14D-5B3E-DB2B-2152-156CA1A50544}.Release|Any CPU.ActiveCfg = Release|Any CPU
		{BD4BB14D-5B3E-DB2B-2152-156CA1A50544}.Release|Any CPU.Build.0 = Release|Any CPU
	EndGlobalSection
	GlobalSection(SolutionProperties) = preSolution
		HideSolutionNode = FALSE
	EndGlobalSection
	GlobalSection(ExtensibilityGlobals) = postSolution
		SolutionGuid = {AC3B8F5A-65EC-4FC6-9150-4A41E4ADAF5B}
	EndGlobalSection
EndGlobal
