
Microsoft Visual Studio Solution File, Format Version 12.00
# Visual Studio Version 17
VisualStudioVersion = 17.12.35527.113
MinimumVisualStudioVersion = 10.0.40219.1
Project("{FAE04EC0-301F-11D3-BF4B-00C04F79EFBC}") = "RMAPI", "RMAPI\RMAPI.csproj", "{285E0CE8-CB03-449D-9532-FE5F5BD9878B}"
EndProject
Project("{FAE04EC0-301F-11D3-BF4B-00C04F79EFBC}") = "Helper", "Helper\Helper.csproj", "{A4462189-D277-411A-A862-9B35D612C423}"
EndProject
Project("{FAE04EC0-301F-11D3-BF4B-00C04F79EFBC}") = "Infrastructure", "Infrastructure\Infrastructure.csproj", "{2C35DF1D-12BD-4E23-BD04-6A9B54542751}"
EndProject
Project("{FAE04EC0-301F-11D3-BF4B-00C04F79EFBC}") = "Object", "Shared\Object.csproj", "{40545C89-4008-46CF-A29A-8FF57ED473A0}"
EndProject
Project("{FAE04EC0-301F-11D3-BF4B-00C04F79EFBC}") = "Common", "Common\Common.csproj", "{48A17AE2-31FE-431C-BD88-D7F253A6F7C9}"
EndProject
Project("{FAE04EC0-301F-11D3-BF4B-00C04F79EFBC}") = "CoreValidation", "CoreValidation\CoreValidation.csproj", "{3EEF085D-0466-4720-8E90-A37279629126}"
EndProject
Project("{FAE04EC0-301F-11D3-BF4B-00C04F79EFBC}") = "ServiceGeneratorTool", "ServiceGeneratorTool\ServiceGeneratorTool.csproj", "{7D93629D-B757-49E2-9355-93720C386F95}"
EndProject
Global
	GlobalSection(SolutionConfigurationPlatforms) = preSolution
		Debug|Any CPU = Debug|Any CPU
		Release|Any CPU = Release|Any CPU
	EndGlobalSection
	GlobalSection(ProjectConfigurationPlatforms) = postSolution
		{285E0CE8-CB03-449D-9532-FE5F5BD9878B}.Debug|Any CPU.ActiveCfg = Debug|Any CPU
		{285E0CE8-CB03-449D-9532-FE5F5BD9878B}.Debug|Any CPU.Build.0 = Debug|Any CPU
		{285E0CE8-CB03-449D-9532-FE5F5BD9878B}.Release|Any CPU.ActiveCfg = Release|Any CPU
		{285E0CE8-CB03-449D-9532-FE5F5BD9878B}.Release|Any CPU.Build.0 = Release|Any CPU
		{A4462189-D277-411A-A862-9B35D612C423}.Debug|Any CPU.ActiveCfg = Debug|Any CPU
		{A4462189-D277-411A-A862-9B35D612C423}.Debug|Any CPU.Build.0 = Debug|Any CPU
		{A4462189-D277-411A-A862-9B35D612C423}.Release|Any CPU.ActiveCfg = Release|Any CPU
		{A4462189-D277-411A-A862-9B35D612C423}.Release|Any CPU.Build.0 = Release|Any CPU
		{2C35DF1D-12BD-4E23-BD04-6A9B54542751}.Debug|Any CPU.ActiveCfg = Debug|Any CPU
		{2C35DF1D-12BD-4E23-BD04-6A9B54542751}.Debug|Any CPU.Build.0 = Debug|Any CPU
		{2C35DF1D-12BD-4E23-BD04-6A9B54542751}.Release|Any CPU.ActiveCfg = Release|Any CPU
		{2C35DF1D-12BD-4E23-BD04-6A9B54542751}.Release|Any CPU.Build.0 = Release|Any CPU
		{40545C89-4008-46CF-A29A-8FF57ED473A0}.Debug|Any CPU.ActiveCfg = Debug|Any CPU
		{40545C89-4008-46CF-A29A-8FF57ED473A0}.Debug|Any CPU.Build.0 = Debug|Any CPU
		{40545C89-4008-46CF-A29A-8FF57ED473A0}.Release|Any CPU.ActiveCfg = Release|Any CPU
		{40545C89-4008-46CF-A29A-8FF57ED473A0}.Release|Any CPU.Build.0 = Release|Any CPU
		{48A17AE2-31FE-431C-BD88-D7F253A6F7C9}.Debug|Any CPU.ActiveCfg = Debug|Any CPU
		{48A17AE2-31FE-431C-BD88-D7F253A6F7C9}.Debug|Any CPU.Build.0 = Debug|Any CPU
		{48A17AE2-31FE-431C-BD88-D7F253A6F7C9}.Release|Any CPU.ActiveCfg = Release|Any CPU
		{48A17AE2-31FE-431C-BD88-D7F253A6F7C9}.Release|Any CPU.Build.0 = Release|Any CPU
		{3EEF085D-0466-4720-8E90-A37279629126}.Debug|Any CPU.ActiveCfg = Debug|Any CPU
		{3EEF085D-0466-4720-8E90-A37279629126}.Debug|Any CPU.Build.0 = Debug|Any CPU
		{3EEF085D-0466-4720-8E90-A37279629126}.Release|Any CPU.ActiveCfg = Release|Any CPU
		{3EEF085D-0466-4720-8E90-A37279629126}.Release|Any CPU.Build.0 = Release|Any CPU
		{7D93629D-B757-49E2-9355-93720C386F95}.Debug|Any CPU.ActiveCfg = Debug|Any CPU
		{7D93629D-B757-49E2-9355-93720C386F95}.Debug|Any CPU.Build.0 = Debug|Any CPU
		{7D93629D-B757-49E2-9355-93720C386F95}.Release|Any CPU.ActiveCfg = Release|Any CPU
		{7D93629D-B757-49E2-9355-93720C386F95}.Release|Any CPU.Build.0 = Release|Any CPU
	EndGlobalSection
	GlobalSection(SolutionProperties) = preSolution
		HideSolutionNode = FALSE
	EndGlobalSection
	GlobalSection(ExtensibilityGlobals) = postSolution
		SolutionGuid = {AC3B8F5A-65EC-4FC6-9150-4A41E4ADAF5B}
	EndGlobalSection
EndGlobal
